
Microsoft Visual Studio Solution File, Format Version 12.00
# Visual Studio Version 17
VisualStudioVersion = 17.0.31611.283
MinimumVisualStudioVersion = 10.0.40219.1
Project("{2150E333-8FDC-42A3-9474-1A3956D46DE8}") = "Sample", "Sample", "{D44166FD-DB4E-4451-B106-A59CF52A89A9}"
EndProject
Project("{9A19103F-16F7-4668-BE54-9A1E7A4F7556}") = "Sitecore.MAUI.RenderingEngine", "Sitecore.MAUI.RenderingEngine\Sitecore.MAUI.RenderingEngine.csproj", "{2B631F69-3705-411E-B92D-5770F9CEED74}"
EndProject
Project("{9A19103F-16F7-4668-BE54-9A1E7A4F7556}") = "Sitecore.MAUI.Blazor.Client", "Sitecore.MAUI.Blazor.Client\Sitecore.MAUI.Blazor.Client\Sitecore.MAUI.Blazor.Client.csproj", "{9A4C246C-60DC-4D2D-AA9E-70C7942FB3FE}"
EndProject
Project("{9A19103F-16F7-4668-BE54-9A1E7A4F7556}") = "Sitecore.MAUI.Blazor.Sample.APP", "Sitecore.MAUI.Blazor.Sample.APP\Sitecore.MAUI.Blazor.Sample.APP\Sitecore.MAUI.Blazor.Sample.APP.csproj", "{AF460855-4EF1-4C75-82C6-41A3205A5FDE}"
EndProject
Global
	GlobalSection(SolutionConfigurationPlatforms) = preSolution
		Debug|Any CPU = Debug|Any CPU
		Release|Any CPU = Release|Any CPU
	EndGlobalSection
	GlobalSection(ProjectConfigurationPlatforms) = postSolution
		{2B631F69-3705-411E-B92D-5770F9CEED74}.Debug|Any CPU.ActiveCfg = Debug|Any CPU
		{2B631F69-3705-411E-B92D-5770F9CEED74}.Debug|Any CPU.Build.0 = Debug|Any CPU
		{2B631F69-3705-411E-B92D-5770F9CEED74}.Release|Any CPU.ActiveCfg = Release|Any CPU
		{2B631F69-3705-411E-B92D-5770F9CEED74}.Release|Any CPU.Build.0 = Release|Any CPU
		{9A4C246C-60DC-4D2D-AA9E-70C7942FB3FE}.Debug|Any CPU.ActiveCfg = Debug|Any CPU
		{9A4C246C-60DC-4D2D-AA9E-70C7942FB3FE}.Debug|Any CPU.Build.0 = Debug|Any CPU
		{9A4C246C-60DC-4D2D-AA9E-70C7942FB3FE}.Debug|Any CPU.Deploy.0 = Debug|Any CPU
		{9A4C246C-60DC-4D2D-AA9E-70C7942FB3FE}.Release|Any CPU.ActiveCfg = Release|Any CPU
		{9A4C246C-60DC-4D2D-AA9E-70C7942FB3FE}.Release|Any CPU.Build.0 = Release|Any CPU
		{9A4C246C-60DC-4D2D-AA9E-70C7942FB3FE}.Release|Any CPU.Deploy.0 = Release|Any CPU
		{AF460855-4EF1-4C75-82C6-41A3205A5FDE}.Debug|Any CPU.ActiveCfg = Debug|Any CPU
		{AF460855-4EF1-4C75-82C6-41A3205A5FDE}.Debug|Any CPU.Build.0 = Debug|Any CPU
		{AF460855-4EF1-4C75-82C6-41A3205A5FDE}.Debug|Any CPU.Deploy.0 = Debug|Any CPU
		{AF460855-4EF1-4C75-82C6-41A3205A5FDE}.Release|Any CPU.ActiveCfg = Release|Any CPU
		{AF460855-4EF1-4C75-82C6-41A3205A5FDE}.Release|Any CPU.Build.0 = Release|Any CPU
		{AF460855-4EF1-4C75-82C6-41A3205A5FDE}.Release|Any CPU.Deploy.0 = Release|Any CPU
	EndGlobalSection
	GlobalSection(SolutionProperties) = preSolution
		HideSolutionNode = FALSE
	EndGlobalSection
	GlobalSection(NestedProjects) = preSolution
		{AF460855-4EF1-4C75-82C6-41A3205A5FDE} = {D44166FD-DB4E-4451-B106-A59CF52A89A9}
	EndGlobalSection
	GlobalSection(ExtensibilityGlobals) = postSolution
		SolutionGuid = {61F7FB11-1E47-470C-91E2-47F8143E1572}
	EndGlobalSection
EndGlobal
