
Microsoft Visual Studio Solution File, Format Version 12.00
# Visual Studio Version 17
VisualStudioVersion = 17.0.31611.283
MinimumVisualStudioVersion = 10.0.40219.1
Project("{2150E333-8FDC-42A3-9474-1A3956D46DE8}") = "Sample", "Sample", "{D44166FD-DB4E-4451-B106-A59CF52A89A9}"
EndProject
Project("{9A19103F-16F7-4668-BE54-9A1E7A4F7556}") = "SitecoreMAUI.RenderingEngine", "RenderingEngine\SitecoreMAUI.RenderingEngine\SitecoreMAUI.RenderingEngine.csproj", "{6CFF7307-7E9A-42E7-B1EF-ED2B9455722C}"
EndProject
Project("{9A19103F-16F7-4668-BE54-9A1E7A4F7556}") = "SitecoreMAUI.RazorClassClient", "RazorClassClient\SitecoreMAUI.RazorClassClient\SitecoreMAUI.RazorClassClient.csproj", "{B7000A79-F6E8-4E4A-AC73-5074AAB2CDA1}"
EndProject
Project("{9A19103F-16F7-4668-BE54-9A1E7A4F7556}") = "SitecoreMAUI.Blazor.DemoBank", "DemoBank\SitecoreMAUI.Blazor.DemoBank\SitecoreMAUI.Blazor.DemoBank.csproj", "{C6CCF97B-E326-4ABB-AC10-061CC3B5E190}"
EndProject
Global
	GlobalSection(SolutionConfigurationPlatforms) = preSolution
		Debug|Any CPU = Debug|Any CPU
		Release|Any CPU = Release|Any CPU
	EndGlobalSection
	GlobalSection(ProjectConfigurationPlatforms) = postSolution
		{6CFF7307-7E9A-42E7-B1EF-ED2B9455722C}.Debug|Any CPU.ActiveCfg = Debug|Any CPU
		{6CFF7307-7E9A-42E7-B1EF-ED2B9455722C}.Debug|Any CPU.Build.0 = Debug|Any CPU
		{6CFF7307-7E9A-42E7-B1EF-ED2B9455722C}.Release|Any CPU.ActiveCfg = Release|Any CPU
		{6CFF7307-7E9A-42E7-B1EF-ED2B9455722C}.Release|Any CPU.Build.0 = Release|Any CPU
		{B7000A79-F6E8-4E4A-AC73-5074AAB2CDA1}.Debug|Any CPU.ActiveCfg = Debug|Any CPU
		{B7000A79-F6E8-4E4A-AC73-5074AAB2CDA1}.Debug|Any CPU.Build.0 = Debug|Any CPU
		{B7000A79-F6E8-4E4A-AC73-5074AAB2CDA1}.Release|Any CPU.ActiveCfg = Release|Any CPU
		{B7000A79-F6E8-4E4A-AC73-5074AAB2CDA1}.Release|Any CPU.Build.0 = Release|Any CPU
		{C6CCF97B-E326-4ABB-AC10-061CC3B5E190}.Debug|Any CPU.ActiveCfg = Debug|Any CPU
		{C6CCF97B-E326-4ABB-AC10-061CC3B5E190}.Debug|Any CPU.Build.0 = Debug|Any CPU
		{C6CCF97B-E326-4ABB-AC10-061CC3B5E190}.Debug|Any CPU.Deploy.0 = Debug|Any CPU
		{C6CCF97B-E326-4ABB-AC10-061CC3B5E190}.Release|Any CPU.ActiveCfg = Release|Any CPU
		{C6CCF97B-E326-4ABB-AC10-061CC3B5E190}.Release|Any CPU.Build.0 = Release|Any CPU
		{C6CCF97B-E326-4ABB-AC10-061CC3B5E190}.Release|Any CPU.Deploy.0 = Release|Any CPU
	EndGlobalSection
	GlobalSection(SolutionProperties) = preSolution
		HideSolutionNode = FALSE
	EndGlobalSection
	GlobalSection(NestedProjects) = preSolution
		{C6CCF97B-E326-4ABB-AC10-061CC3B5E190} = {D44166FD-DB4E-4451-B106-A59CF52A89A9}
	EndGlobalSection
	GlobalSection(ExtensibilityGlobals) = postSolution
		SolutionGuid = {61F7FB11-1E47-470C-91E2-47F8143E1572}
	EndGlobalSection
EndGlobal
