
Microsoft Visual Studio Solution File, Format Version 12.00
# Visual Studio Version 17
VisualStudioVersion = 17.0.31611.283
MinimumVisualStudioVersion = 10.0.40219.1
Project("{2150E333-8FDC-42A3-9474-1A3956D46DE8}") = "Sample", "Sample", "{D44166FD-DB4E-4451-B106-A59CF52A89A9}"
EndProject
Project("{FAE04EC0-301F-11D3-BF4B-00C04F79EFBC}") = "Sitecore.MAUI.Blazor.DemoBank", "DemoBank\Sitecore.MAUI.Blazor.DemoBank\Sitecore.MAUI.Blazor.DemoBank.csproj", "{D37BBF78-F4DA-4DE3-B2FE-B6303F4876A6}"
EndProject
Project("{FAE04EC0-301F-11D3-BF4B-00C04F79EFBC}") = "Sitecore.MAUI.RenderingEngine", "RenderingEngine\Sitecore.MAUI.RenderingEngine\Sitecore.MAUI.RenderingEngine.csproj", "{24C4F588-9B3B-4ADD-BC1C-DF7E451287F5}"
EndProject
Project("{FAE04EC0-301F-11D3-BF4B-00C04F79EFBC}") = "Sitecore.MAUI.RazorClassClient", "RazorClassClient\Sitecore.MAUI.RazorClassClient\Sitecore.MAUI.RazorClassClient.csproj", "{4DBA08AF-CAE7-491B-B1F0-DAC0D855DF78}"
EndProject
Global
	GlobalSection(SolutionConfigurationPlatforms) = preSolution
		Debug|Any CPU = Debug|Any CPU
		Release|Any CPU = Release|Any CPU
	EndGlobalSection
	GlobalSection(ProjectConfigurationPlatforms) = postSolution
		{D37BBF78-F4DA-4DE3-B2FE-B6303F4876A6}.Debug|Any CPU.ActiveCfg = Debug|Any CPU
		{D37BBF78-F4DA-4DE3-B2FE-B6303F4876A6}.Debug|Any CPU.Build.0 = Debug|Any CPU
		{D37BBF78-F4DA-4DE3-B2FE-B6303F4876A6}.Debug|Any CPU.Deploy.0 = Debug|Any CPU
		{D37BBF78-F4DA-4DE3-B2FE-B6303F4876A6}.Release|Any CPU.ActiveCfg = Release|Any CPU
		{D37BBF78-F4DA-4DE3-B2FE-B6303F4876A6}.Release|Any CPU.Build.0 = Release|Any CPU
		{D37BBF78-F4DA-4DE3-B2FE-B6303F4876A6}.Release|Any CPU.Deploy.0 = Release|Any CPU
		{24C4F588-9B3B-4ADD-BC1C-DF7E451287F5}.Debug|Any CPU.ActiveCfg = Debug|Any CPU
		{24C4F588-9B3B-4ADD-BC1C-DF7E451287F5}.Debug|Any CPU.Build.0 = Debug|Any CPU
		{24C4F588-9B3B-4ADD-BC1C-DF7E451287F5}.Release|Any CPU.ActiveCfg = Release|Any CPU
		{24C4F588-9B3B-4ADD-BC1C-DF7E451287F5}.Release|Any CPU.Build.0 = Release|Any CPU
		{4DBA08AF-CAE7-491B-B1F0-DAC0D855DF78}.Debug|Any CPU.ActiveCfg = Debug|Any CPU
		{4DBA08AF-CAE7-491B-B1F0-DAC0D855DF78}.Debug|Any CPU.Build.0 = Debug|Any CPU
		{4DBA08AF-CAE7-491B-B1F0-DAC0D855DF78}.Release|Any CPU.ActiveCfg = Release|Any CPU
		{4DBA08AF-CAE7-491B-B1F0-DAC0D855DF78}.Release|Any CPU.Build.0 = Release|Any CPU
	EndGlobalSection
	GlobalSection(SolutionProperties) = preSolution
		HideSolutionNode = FALSE
	EndGlobalSection
	GlobalSection(NestedProjects) = preSolution
		{D37BBF78-F4DA-4DE3-B2FE-B6303F4876A6} = {D44166FD-DB4E-4451-B106-A59CF52A89A9}
	EndGlobalSection
	GlobalSection(ExtensibilityGlobals) = postSolution
		SolutionGuid = {61F7FB11-1E47-470C-91E2-47F8143E1572}
	EndGlobalSection
EndGlobal
