
Microsoft Visual Studio Solution File, Format Version 12.00
# Visual Studio Version 17
VisualStudioVersion = 17.0.31611.283
MinimumVisualStudioVersion = 10.0.40219.1
Project("{9A19103F-16F7-4668-BE54-9A1E7A4F7556}") = "Sitecore.Net.MAUI.Client", "Sitecore.Net.MAUI.Client\Sitecore.Net.MAUI.Client.csproj", "{82CA2B65-DB29-414E-808C-E51F664CB459}"
EndProject
Project("{FAE04EC0-301F-11D3-BF4B-00C04F79EFBC}") = "Sitecore.Net.MAUI.Blazor.Client", "Sitecore.Net.MAUI.Blazor.Client\Sitecore.Net.MAUI.Blazor.Client.csproj", "{C340E2CB-3A08-4A20-AB95-FC0F0196B5E9}"
EndProject
Project("{FAE04EC0-301F-11D3-BF4B-00C04F79EFBC}") = "Sitecore.MAUI.Service", "Sitecore.MAUI.Service\Sitecore.MAUI.Service.csproj", "{E6459F1E-3D37-4303-93D9-CAD18B324F57}"
EndProject
Global
	GlobalSection(SolutionConfigurationPlatforms) = preSolution
		Debug|Any CPU = Debug|Any CPU
		Release|Any CPU = Release|Any CPU
	EndGlobalSection
	GlobalSection(ProjectConfigurationPlatforms) = postSolution
		{82CA2B65-DB29-414E-808C-E51F664CB459}.Debug|Any CPU.ActiveCfg = Debug|Any CPU
		{82CA2B65-DB29-414E-808C-E51F664CB459}.Debug|Any CPU.Build.0 = Debug|Any CPU
		{82CA2B65-DB29-414E-808C-E51F664CB459}.Debug|Any CPU.Deploy.0 = Debug|Any CPU
		{82CA2B65-DB29-414E-808C-E51F664CB459}.Release|Any CPU.ActiveCfg = Release|Any CPU
		{82CA2B65-DB29-414E-808C-E51F664CB459}.Release|Any CPU.Build.0 = Release|Any CPU
		{82CA2B65-DB29-414E-808C-E51F664CB459}.Release|Any CPU.Deploy.0 = Release|Any CPU
		{C340E2CB-3A08-4A20-AB95-FC0F0196B5E9}.Debug|Any CPU.ActiveCfg = Debug|Any CPU
		{C340E2CB-3A08-4A20-AB95-FC0F0196B5E9}.Debug|Any CPU.Build.0 = Debug|Any CPU
		{C340E2CB-3A08-4A20-AB95-FC0F0196B5E9}.Debug|Any CPU.Deploy.0 = Debug|Any CPU
		{C340E2CB-3A08-4A20-AB95-FC0F0196B5E9}.Release|Any CPU.ActiveCfg = Release|Any CPU
		{C340E2CB-3A08-4A20-AB95-FC0F0196B5E9}.Release|Any CPU.Build.0 = Release|Any CPU
		{C340E2CB-3A08-4A20-AB95-FC0F0196B5E9}.Release|Any CPU.Deploy.0 = Release|Any CPU
		{E6459F1E-3D37-4303-93D9-CAD18B324F57}.Debug|Any CPU.ActiveCfg = Debug|Any CPU
		{E6459F1E-3D37-4303-93D9-CAD18B324F57}.Debug|Any CPU.Build.0 = Debug|Any CPU
		{E6459F1E-3D37-4303-93D9-CAD18B324F57}.Release|Any CPU.ActiveCfg = Release|Any CPU
		{E6459F1E-3D37-4303-93D9-CAD18B324F57}.Release|Any CPU.Build.0 = Release|Any CPU
	EndGlobalSection
	GlobalSection(SolutionProperties) = preSolution
		HideSolutionNode = FALSE
	EndGlobalSection
	GlobalSection(ExtensibilityGlobals) = postSolution
		SolutionGuid = {61F7FB11-1E47-470C-91E2-47F8143E1572}
	EndGlobalSection
EndGlobal
